
Microsoft Visual Studio Solution File, Format Version 12.00
# Visual Studio 14
VisualStudioVersion = 14.0.23107.0
MinimumVisualStudioVersion = 10.0.40219.1
Project("{FAE04EC0-301F-11D3-BF4B-00C04F79EFBC}") = "Tenta_20160115", "Tenta_20160115\Tenta_20160115.csproj", "{B4EA1473-BF18-4399-A89F-09A741776CC0}"
EndProject
Project("{FAE04EC0-301F-11D3-BF4B-00C04F79EFBC}") = "Tenta_20160115.Test", "Tenta_20160115.Test\Tenta_20160115.Test.csproj", "{4FB21360-B51A-40A5-8513-F496FC3F434C}"
EndProject
Project("{F088123C-0E9E-452A-89E6-6BA2F21D5CAC}") = "CoffeeMachine", "CoffeeMachine\CoffeeMachine.modelproj", "{346537BE-4A26-491C-9AED-F0DE36F3ED67}"
EndProject
Global
	GlobalSection(SolutionConfigurationPlatforms) = preSolution
		Debug|Any CPU = Debug|Any CPU
		Release|Any CPU = Release|Any CPU
	EndGlobalSection
	GlobalSection(ProjectConfigurationPlatforms) = postSolution
		{B4EA1473-BF18-4399-A89F-09A741776CC0}.Debug|Any CPU.ActiveCfg = Debug|Any CPU
		{B4EA1473-BF18-4399-A89F-09A741776CC0}.Debug|Any CPU.Build.0 = Debug|Any CPU
		{B4EA1473-BF18-4399-A89F-09A741776CC0}.Release|Any CPU.ActiveCfg = Release|Any CPU
		{B4EA1473-BF18-4399-A89F-09A741776CC0}.Release|Any CPU.Build.0 = Release|Any CPU
		{4FB21360-B51A-40A5-8513-F496FC3F434C}.Debug|Any CPU.ActiveCfg = Debug|Any CPU
		{4FB21360-B51A-40A5-8513-F496FC3F434C}.Debug|Any CPU.Build.0 = Debug|Any CPU
		{4FB21360-B51A-40A5-8513-F496FC3F434C}.Release|Any CPU.ActiveCfg = Release|Any CPU
		{4FB21360-B51A-40A5-8513-F496FC3F434C}.Release|Any CPU.Build.0 = Release|Any CPU
		{346537BE-4A26-491C-9AED-F0DE36F3ED67}.Debug|Any CPU.ActiveCfg = Debug|Any CPU
		{346537BE-4A26-491C-9AED-F0DE36F3ED67}.Debug|Any CPU.Build.0 = Debug|Any CPU
		{346537BE-4A26-491C-9AED-F0DE36F3ED67}.Release|Any CPU.ActiveCfg = Release|Any CPU
		{346537BE-4A26-491C-9AED-F0DE36F3ED67}.Release|Any CPU.Build.0 = Release|Any CPU
	EndGlobalSection
	GlobalSection(SolutionProperties) = preSolution
		HideSolutionNode = FALSE
	EndGlobalSection
EndGlobal
